
Microsoft Visual Studio Solution File, Format Version 12.00
# Visual Studio 15
VisualStudioVersion = 15.0.36617.4
MinimumVisualStudioVersion = 10.0.40219.1
Project("{FAE04EC0-301F-11D3-BF4B-00C04F79EFBC}") = "3", "3\3.csproj", "{DCBE8243-DC47-4413-858F-6178B7E0BD82}"
EndProject
Global
	GlobalSection(SolutionConfigurationPlatforms) = preSolution
		Debug|Any CPU = Debug|Any CPU
		Release|Any CPU = Release|Any CPU
	EndGlobalSection
	GlobalSection(ProjectConfigurationPlatforms) = postSolution
		{DCBE8243-DC47-4413-858F-6178B7E0BD82}.Debug|Any CPU.ActiveCfg = Debug|Any CPU
		{DCBE8243-DC47-4413-858F-6178B7E0BD82}.Debug|Any CPU.Build.0 = Debug|Any CPU
		{DCBE8243-DC47-4413-858F-6178B7E0BD82}.Release|Any CPU.ActiveCfg = Release|Any CPU
		{DCBE8243-DC47-4413-858F-6178B7E0BD82}.Release|Any CPU.Build.0 = Release|Any CPU
	EndGlobalSection
	GlobalSection(SolutionProperties) = preSolution
		HideSolutionNode = FALSE
	EndGlobalSection
	GlobalSection(ExtensibilityGlobals) = postSolution
		SolutionGuid = {F813167E-D7C7-4C7B-87A8-F4934B1BF1FC}
	EndGlobalSection
EndGlobal
